
Microsoft Visual Studio Solution File, Format Version 12.00
# Visual Studio Version 17
VisualStudioVersion = 17.5.33424.131
MinimumVisualStudioVersion = 10.0.40219.1
Project("{FAE04EC0-301F-11D3-BF4B-00C04F79EFBC}") = "WordEvaluatorMSSQL", "WordEvaluatorMSSQL\WordEvaluatorMSSQL.csproj", "{06A75BF5-E18D-4716-9A17-AE2C3554EFB4}"
EndProject
Global
	GlobalSection(SolutionConfigurationPlatforms) = preSolution
		Debug|Any CPU = Debug|Any CPU
		Release|Any CPU = Release|Any CPU
	EndGlobalSection
	GlobalSection(ProjectConfigurationPlatforms) = postSolution
		{06A75BF5-E18D-4716-9A17-AE2C3554EFB4}.Debug|Any CPU.ActiveCfg = Debug|Any CPU
		{06A75BF5-E18D-4716-9A17-AE2C3554EFB4}.Debug|Any CPU.Build.0 = Debug|Any CPU
		{06A75BF5-E18D-4716-9A17-AE2C3554EFB4}.Release|Any CPU.ActiveCfg = Release|Any CPU
		{06A75BF5-E18D-4716-9A17-AE2C3554EFB4}.Release|Any CPU.Build.0 = Release|Any CPU
	EndGlobalSection
	GlobalSection(SolutionProperties) = preSolution
		HideSolutionNode = FALSE
	EndGlobalSection
	GlobalSection(ExtensibilityGlobals) = postSolution
		SolutionGuid = {21E09C18-BA23-4E15-BDB1-0380357BDB47}
	EndGlobalSection
EndGlobal
